
Microsoft Visual Studio Solution File, Format Version 12.00
# Visual Studio Version 16
VisualStudioVersion = 16.0.30907.101
MinimumVisualStudioVersion = 10.0.40219.1
Project("{FAE04EC0-301F-11D3-BF4B-00C04F79EFBC}") = "TriggerWebJob", "TriggerWebJob\TriggerWebJob.csproj", "{EBA14E1C-DADE-49B6-88B9-220B10487919}"
EndProject
Global
	GlobalSection(SolutionConfigurationPlatforms) = preSolution
		Debug|Any CPU = Debug|Any CPU
		Release|Any CPU = Release|Any CPU
	EndGlobalSection
	GlobalSection(ProjectConfigurationPlatforms) = postSolution
		{EBA14E1C-DADE-49B6-88B9-220B10487919}.Debug|Any CPU.ActiveCfg = Debug|Any CPU
		{EBA14E1C-DADE-49B6-88B9-220B10487919}.Debug|Any CPU.Build.0 = Debug|Any CPU
		{EBA14E1C-DADE-49B6-88B9-220B10487919}.Release|Any CPU.ActiveCfg = Release|Any CPU
		{EBA14E1C-DADE-49B6-88B9-220B10487919}.Release|Any CPU.Build.0 = Release|Any CPU
	EndGlobalSection
	GlobalSection(SolutionProperties) = preSolution
		HideSolutionNode = FALSE
	EndGlobalSection
	GlobalSection(ExtensibilityGlobals) = postSolution
		SolutionGuid = {6CAB799B-23CF-49FD-ABA3-7CAFFC8C957B}
	EndGlobalSection
EndGlobal
