
Microsoft Visual Studio Solution File, Format Version 12.00
# Visual Studio Version 17
VisualStudioVersion = 17.3.32901.215
MinimumVisualStudioVersion = 10.0.40219.1
Project("{FAE04EC0-301F-11D3-BF4B-00C04F79EFBC}") = "MeetupBot", "MeetupBot\MeetupBot.csproj", "{A8BA1066-5695-4D71-ABB4-65E5A5E0C3D4}"
EndProject
Project("{FAE04EC0-301F-11D3-BF4B-00C04F79EFBC}") = "TriggerPairingWebApp", "TriggerPairingWebApp\TriggerPairingWebApp.csproj", "{7D0948CA-D788-4D2C-AE56-005C7881A6C2}"
EndProject
Project("{FAE04EC0-301F-11D3-BF4B-00C04F79EFBC}") = "LetsMeetPairingFunctionApp", "LetsMeetPairingFunctionApp\LetsMeetPairingFunctionApp.csproj", "{30E824B3-C5DF-401F-A0BF-6902DA446BEB}"
EndProject
Global
	GlobalSection(SolutionConfigurationPlatforms) = preSolution
		Debug|Any CPU = Debug|Any CPU
		Release|Any CPU = Release|Any CPU
	EndGlobalSection
	GlobalSection(ProjectConfigurationPlatforms) = postSolution
		{A8BA1066-5695-4D71-ABB4-65E5A5E0C3D4}.Debug|Any CPU.ActiveCfg = Debug|Any CPU
		{A8BA1066-5695-4D71-ABB4-65E5A5E0C3D4}.Debug|Any CPU.Build.0 = Debug|Any CPU
		{A8BA1066-5695-4D71-ABB4-65E5A5E0C3D4}.Release|Any CPU.ActiveCfg = Release|Any CPU
		{A8BA1066-5695-4D71-ABB4-65E5A5E0C3D4}.Release|Any CPU.Build.0 = Release|Any CPU
		{7D0948CA-D788-4D2C-AE56-005C7881A6C2}.Debug|Any CPU.ActiveCfg = Debug|Any CPU
		{7D0948CA-D788-4D2C-AE56-005C7881A6C2}.Debug|Any CPU.Build.0 = Debug|Any CPU
		{7D0948CA-D788-4D2C-AE56-005C7881A6C2}.Release|Any CPU.ActiveCfg = Release|Any CPU
		{7D0948CA-D788-4D2C-AE56-005C7881A6C2}.Release|Any CPU.Build.0 = Release|Any CPU
		{30E824B3-C5DF-401F-A0BF-6902DA446BEB}.Debug|Any CPU.ActiveCfg = Debug|Any CPU
		{30E824B3-C5DF-401F-A0BF-6902DA446BEB}.Debug|Any CPU.Build.0 = Debug|Any CPU
		{30E824B3-C5DF-401F-A0BF-6902DA446BEB}.Release|Any CPU.ActiveCfg = Release|Any CPU
		{30E824B3-C5DF-401F-A0BF-6902DA446BEB}.Release|Any CPU.Build.0 = Release|Any CPU
	EndGlobalSection
	GlobalSection(SolutionProperties) = preSolution
		HideSolutionNode = FALSE
	EndGlobalSection
	GlobalSection(ExtensibilityGlobals) = postSolution
		SolutionGuid = {3EBE1A28-86D6-47EC-A68F-55A371BEEB4D}
	EndGlobalSection
EndGlobal
